// !$*UTF8*$!
{
	archiveVersion = 1;
	classes = {
	};
	objectVersion = 46;
	objects = {

/* Begin PBXBuildFile section */
		6DBB10991FE644C1003A6BC5 /* ProfileContent_TVCell.swift in Sources */ = {isa = PBXBuildFile; fileRef = 6DBB10981FE644C1003A6BC5 /* ProfileContent_TVCell.swift */; };
		6DBB109C1FE660F6003A6BC5 /* SettingNotificationView.swift in Sources */ = {isa = PBXBuildFile; fileRef = 6DBB109B1FE660F6003A6BC5 /* SettingNotificationView.swift */; };
		6DBB109E1FE6D61B003A6BC5 /* ContactUs_VC.swift in Sources */ = {isa = PBXBuildFile; fileRef = 6DBB109D1FE6D61B003A6BC5 /* ContactUs_VC.swift */; };
		6DBB10A01FE6E31E003A6BC5 /* PasswordChange_TVCell.swift in Sources */ = {isa = PBXBuildFile; fileRef = 6DBB109F1FE6E31E003A6BC5 /* PasswordChange_TVCell.swift */; };
		6DBB10A21FE6E45A003A6BC5 /* PasswordChangeFooterView.swift in Sources */ = {isa = PBXBuildFile; fileRef = 6DBB10A11FE6E45A003A6BC5 /* PasswordChangeFooterView.swift */; };
		6DBB10A41FE6E48B003A6BC5 /* PasswordChangeFooterView.xib in Resources */ = {isa = PBXBuildFile; fileRef = 6DBB10A31FE6E48B003A6BC5 /* PasswordChangeFooterView.xib */; };
		6DBEFED61FE1A06400C0FDBF /* AppDelegate.swift in Sources */ = {isa = PBXBuildFile; fileRef = 6DBEFED51FE1A06400C0FDBF /* AppDelegate.swift */; };
		6DBEFED81FE1A06400C0FDBF /* ViewController.swift in Sources */ = {isa = PBXBuildFile; fileRef = 6DBEFED71FE1A06400C0FDBF /* ViewController.swift */; };
		6DBEFEDB1FE1A06400C0FDBF /* Main.storyboard in Resources */ = {isa = PBXBuildFile; fileRef = 6DBEFED91FE1A06400C0FDBF /* Main.storyboard */; };
		6DBEFEDD1FE1A06400C0FDBF /* Assets.xcassets in Resources */ = {isa = PBXBuildFile; fileRef = 6DBEFEDC1FE1A06400C0FDBF /* Assets.xcassets */; };
		6DBEFEE01FE1A06400C0FDBF /* LaunchScreen.storyboard in Resources */ = {isa = PBXBuildFile; fileRef = 6DBEFEDE1FE1A06400C0FDBF /* LaunchScreen.storyboard */; };
		6DBEFEE91FE1A2CA00C0FDBF /* menu_TVCell.swift in Sources */ = {isa = PBXBuildFile; fileRef = 6DBEFEE71FE1A2CA00C0FDBF /* menu_TVCell.swift */; };
		6DBEFEEA1FE1A2CA00C0FDBF /* menu_TVCell.xib in Resources */ = {isa = PBXBuildFile; fileRef = 6DBEFEE81FE1A2CA00C0FDBF /* menu_TVCell.xib */; };
		6DBEFEEC1FE1A40100C0FDBF /* Menu_TVC.swift in Sources */ = {isa = PBXBuildFile; fileRef = 6DBEFEEB1FE1A40100C0FDBF /* Menu_TVC.swift */; };
		6DBEFEEE1FE1AA1100C0FDBF /* Profile_TVC.swift in Sources */ = {isa = PBXBuildFile; fileRef = 6DBEFEED1FE1AA1100C0FDBF /* Profile_TVC.swift */; };
		6DBEFEF01FE1AA2300C0FDBF /* Setting_TVC.swift in Sources */ = {isa = PBXBuildFile; fileRef = 6DBEFEEF1FE1AA2300C0FDBF /* Setting_TVC.swift */; };
		6DBEFEF21FE1AA3700C0FDBF /* PasswordChange_TVC.swift in Sources */ = {isa = PBXBuildFile; fileRef = 6DBEFEF11FE1AA3700C0FDBF /* PasswordChange_TVC.swift */; };
		6DBEFEF41FE21E3800C0FDBF /* ProfileName_TVCell.swift in Sources */ = {isa = PBXBuildFile; fileRef = 6DBEFEF31FE21E3800C0FDBF /* ProfileName_TVCell.swift */; };
		6DBEFEF71FE2286D00C0FDBF /* SettingNotification_TVCell.swift in Sources */ = {isa = PBXBuildFile; fileRef = 6DBEFEF61FE2286D00C0FDBF /* SettingNotification_TVCell.swift */; };
		6DBEFEF91FE2288500C0FDBF /* SettingContent_TVCell.swift in Sources */ = {isa = PBXBuildFile; fileRef = 6DBEFEF81FE2288500C0FDBF /* SettingContent_TVCell.swift */; };
		6DBEFEFD1FE23FC200C0FDBF /* SettingChangePassword_TVCell.swift in Sources */ = {isa = PBXBuildFile; fileRef = 6DBEFEFC1FE23FC200C0FDBF /* SettingChangePassword_TVCell.swift */; };
		6DDFEC701FE369E2007207A2 /* SettingHeaderView.xib in Resources */ = {isa = PBXBuildFile; fileRef = 6DDFEC6F1FE369E2007207A2 /* SettingHeaderView.xib */; };
		6DDFEC721FE36A64007207A2 /* SettingHeaderView.swift in Sources */ = {isa = PBXBuildFile; fileRef = 6DDFEC711FE36A64007207A2 /* SettingHeaderView.swift */; };
		6DF0A7C31FE795C400B95C23 /* PasswordChangeErrorView.xib in Resources */ = {isa = PBXBuildFile; fileRef = 6DF0A7C21FE795C400B95C23 /* PasswordChangeErrorView.xib */; };
		6DF0A7C51FE796D100B95C23 /* PasswordChangeErrorView.swift in Sources */ = {isa = PBXBuildFile; fileRef = 6DF0A7C41FE796D100B95C23 /* PasswordChangeErrorView.swift */; };
/* End PBXBuildFile section */

/* Begin PBXFileReference section */
		6DBB10981FE644C1003A6BC5 /* ProfileContent_TVCell.swift */ = {isa = PBXFileReference; fileEncoding = 4; lastKnownFileType = sourcecode.swift; path = ProfileContent_TVCell.swift; sourceTree = "<group>"; };
		6DBB109B1FE660F6003A6BC5 /* SettingNotificationView.swift */ = {isa = PBXFileReference; fileEncoding = 4; lastKnownFileType = sourcecode.swift; path = SettingNotificationView.swift; sourceTree = "<group>"; };
		6DBB109D1FE6D61B003A6BC5 /* ContactUs_VC.swift */ = {isa = PBXFileReference; fileEncoding = 4; lastKnownFileType = sourcecode.swift; path = ContactUs_VC.swift; sourceTree = "<group>"; };
		6DBB109F1FE6E31E003A6BC5 /* PasswordChange_TVCell.swift */ = {isa = PBXFileReference; fileEncoding = 4; lastKnownFileType = sourcecode.swift; path = PasswordChange_TVCell.swift; sourceTree = "<group>"; };
		6DBB10A11FE6E45A003A6BC5 /* PasswordChangeFooterView.swift */ = {isa = PBXFileReference; fileEncoding = 4; lastKnownFileType = sourcecode.swift; path = PasswordChangeFooterView.swift; sourceTree = "<group>"; };
		6DBB10A31FE6E48B003A6BC5 /* PasswordChangeFooterView.xib */ = {isa = PBXFileReference; fileEncoding = 4; lastKnownFileType = file.xib; path = PasswordChangeFooterView.xib; sourceTree = "<group>"; };
		6DBEFED21FE1A06400C0FDBF /* Profile.app */ = {isa = PBXFileReference; explicitFileType = wrapper.application; includeInIndex = 0; path = Profile.app; sourceTree = BUILT_PRODUCTS_DIR; };
		6DBEFED51FE1A06400C0FDBF /* AppDelegate.swift */ = {isa = PBXFileReference; lastKnownFileType = sourcecode.swift; path = AppDelegate.swift; sourceTree = "<group>"; };
		6DBEFED71FE1A06400C0FDBF /* ViewController.swift */ = {isa = PBXFileReference; lastKnownFileType = sourcecode.swift; path = ViewController.swift; sourceTree = "<group>"; };
		6DBEFEDA1FE1A06400C0FDBF /* Base */ = {isa = PBXFileReference; lastKnownFileType = file.storyboard; name = Base; path = Base.lproj/Main.storyboard; sourceTree = "<group>"; };
		6DBEFEDC1FE1A06400C0FDBF /* Assets.xcassets */ = {isa = PBXFileReference; lastKnownFileType = folder.assetcatalog; path = Assets.xcassets; sourceTree = "<group>"; };
		6DBEFEDF1FE1A06400C0FDBF /* Base */ = {isa = PBXFileReference; lastKnownFileType = file.storyboard; name = Base; path = Base.lproj/LaunchScreen.storyboard; sourceTree = "<group>"; };
		6DBEFEE11FE1A06400C0FDBF /* Info.plist */ = {isa = PBXFileReference; lastKnownFileType = text.plist.xml; path = Info.plist; sourceTree = "<group>"; };
		6DBEFEE71FE1A2CA00C0FDBF /* menu_TVCell.swift */ = {isa = PBXFileReference; fileEncoding = 4; lastKnownFileType = sourcecode.swift; path = menu_TVCell.swift; sourceTree = "<group>"; };
		6DBEFEE81FE1A2CA00C0FDBF /* menu_TVCell.xib */ = {isa = PBXFileReference; fileEncoding = 4; lastKnownFileType = file.xib; path = menu_TVCell.xib; sourceTree = "<group>"; };
		6DBEFEEB1FE1A40100C0FDBF /* Menu_TVC.swift */ = {isa = PBXFileReference; fileEncoding = 4; lastKnownFileType = sourcecode.swift; path = Menu_TVC.swift; sourceTree = "<group>"; };
		6DBEFEED1FE1AA1100C0FDBF /* Profile_TVC.swift */ = {isa = PBXFileReference; fileEncoding = 4; lastKnownFileType = sourcecode.swift; path = Profile_TVC.swift; sourceTree = "<group>"; };
		6DBEFEEF1FE1AA2300C0FDBF /* Setting_TVC.swift */ = {isa = PBXFileReference; fileEncoding = 4; lastKnownFileType = sourcecode.swift; path = Setting_TVC.swift; sourceTree = "<group>"; };
		6DBEFEF11FE1AA3700C0FDBF /* PasswordChange_TVC.swift */ = {isa = PBXFileReference; fileEncoding = 4; lastKnownFileType = sourcecode.swift; path = PasswordChange_TVC.swift; sourceTree = "<group>"; };
		6DBEFEF31FE21E3800C0FDBF /* ProfileName_TVCell.swift */ = {isa = PBXFileReference; fileEncoding = 4; lastKnownFileType = sourcecode.swift; path = ProfileName_TVCell.swift; sourceTree = "<group>"; };
		6DBEFEF61FE2286D00C0FDBF /* SettingNotification_TVCell.swift */ = {isa = PBXFileReference; fileEncoding = 4; lastKnownFileType = sourcecode.swift; path = SettingNotification_TVCell.swift; sourceTree = "<group>"; };
		6DBEFEF81FE2288500C0FDBF /* SettingContent_TVCell.swift */ = {isa = PBXFileReference; fileEncoding = 4; lastKnownFileType = sourcecode.swift; path = SettingContent_TVCell.swift; sourceTree = "<group>"; };
		6DBEFEFC1FE23FC200C0FDBF /* SettingChangePassword_TVCell.swift */ = {isa = PBXFileReference; fileEncoding = 4; lastKnownFileType = sourcecode.swift; path = SettingChangePassword_TVCell.swift; sourceTree = "<group>"; };
		6DDFEC6F1FE369E2007207A2 /* SettingHeaderView.xib */ = {isa = PBXFileReference; fileEncoding = 4; lastKnownFileType = file.xib; path = SettingHeaderView.xib; sourceTree = "<group>"; };
		6DDFEC711FE36A64007207A2 /* SettingHeaderView.swift */ = {isa = PBXFileReference; fileEncoding = 4; lastKnownFileType = sourcecode.swift; path = SettingHeaderView.swift; sourceTree = "<group>"; };
		6DF0A7C21FE795C400B95C23 /* PasswordChangeErrorView.xib */ = {isa = PBXFileReference; fileEncoding = 4; lastKnownFileType = file.xib; path = PasswordChangeErrorView.xib; sourceTree = "<group>"; };
		6DF0A7C41FE796D100B95C23 /* PasswordChangeErrorView.swift */ = {isa = PBXFileReference; fileEncoding = 4; lastKnownFileType = sourcecode.swift; path = PasswordChangeErrorView.swift; sourceTree = "<group>"; };
/* End PBXFileReference section */

/* Begin PBXFrameworksBuildPhase section */
		6DBEFECF1FE1A06400C0FDBF /* Frameworks */ = {
			isa = PBXFrameworksBuildPhase;
			buildActionMask = 2147483647;
			files = (
			);
			runOnlyForDeploymentPostprocessing = 0;
		};
/* End PBXFrameworksBuildPhase section */

/* Begin PBXGroup section */
		6DBB109A1FE64B21003A6BC5 /* Profile */ = {
			isa = PBXGroup;
			children = (
				6DBEFEED1FE1AA1100C0FDBF /* Profile_TVC.swift */,
				6DBEFEF31FE21E3800C0FDBF /* ProfileName_TVCell.swift */,
				6DBB10981FE644C1003A6BC5 /* ProfileContent_TVCell.swift */,
			);
			name = Profile;
			sourceTree = "<group>";
		};
		6DBB10A51FE6E51C003A6BC5 /* PasswordChange */ = {
			isa = PBXGroup;
			children = (
				6DBEFEF11FE1AA3700C0FDBF /* PasswordChange_TVC.swift */,
				6DBB109F1FE6E31E003A6BC5 /* PasswordChange_TVCell.swift */,
				6DBB10A11FE6E45A003A6BC5 /* PasswordChangeFooterView.swift */,
				6DBB10A31FE6E48B003A6BC5 /* PasswordChangeFooterView.xib */,
				6DF0A7C21FE795C400B95C23 /* PasswordChangeErrorView.xib */,
				6DF0A7C41FE796D100B95C23 /* PasswordChangeErrorView.swift */,
			);
			name = PasswordChange;
			sourceTree = "<group>";
		};
		6DBEFEC91FE1A06400C0FDBF = {
			isa = PBXGroup;
			children = (
				6DBEFED41FE1A06400C0FDBF /* Profile */,
				6DBEFED31FE1A06400C0FDBF /* Products */,
			);
			sourceTree = "<group>";
		};
		6DBEFED31FE1A06400C0FDBF /* Products */ = {
			isa = PBXGroup;
			children = (
				6DBEFED21FE1A06400C0FDBF /* Profile.app */,
			);
			name = Products;
			sourceTree = "<group>";
		};
		6DBEFED41FE1A06400C0FDBF /* Profile */ = {
			isa = PBXGroup;
			children = (
				6DBEFED51FE1A06400C0FDBF /* AppDelegate.swift */,
				6DBEFED71FE1A06400C0FDBF /* ViewController.swift */,
				6DBEFED91FE1A06400C0FDBF /* Main.storyboard */,
				6DBEFEDC1FE1A06400C0FDBF /* Assets.xcassets */,
				6DBEFEDE1FE1A06400C0FDBF /* LaunchScreen.storyboard */,
				6DBEFEE11FE1A06400C0FDBF /* Info.plist */,
				6DBEFEEB1FE1A40100C0FDBF /* Menu_TVC.swift */,
				6DBEFEE71FE1A2CA00C0FDBF /* menu_TVCell.swift */,
				6DBEFEE81FE1A2CA00C0FDBF /* menu_TVCell.xib */,
				6DBB109A1FE64B21003A6BC5 /* Profile */,
				6DBEFEF51FE2281000C0FDBF /* Setting */,
				6DBB10A51FE6E51C003A6BC5 /* PasswordChange */,
				6DBB109D1FE6D61B003A6BC5 /* ContactUs_VC.swift */,
			);
			path = Profile;
			sourceTree = "<group>";
		};
		6DBEFEF51FE2281000C0FDBF /* Setting */ = {
			isa = PBXGroup;
			children = (
				6DBEFEEF1FE1AA2300C0FDBF /* Setting_TVC.swift */,
				6DBEFEF61FE2286D00C0FDBF /* SettingNotification_TVCell.swift */,
				6DBB109B1FE660F6003A6BC5 /* SettingNotificationView.swift */,
				6DBEFEF81FE2288500C0FDBF /* SettingContent_TVCell.swift */,
				6DBEFEFC1FE23FC200C0FDBF /* SettingChangePassword_TVCell.swift */,
				6DDFEC6F1FE369E2007207A2 /* SettingHeaderView.xib */,
				6DDFEC711FE36A64007207A2 /* SettingHeaderView.swift */,
			);
			name = Setting;
			sourceTree = "<group>";
		};
/* End PBXGroup section */

/* Begin PBXNativeTarget section */
		6DBEFED11FE1A06400C0FDBF /* Profile */ = {
			isa = PBXNativeTarget;
			buildConfigurationList = 6DBEFEE41FE1A06400C0FDBF /* Build configuration list for PBXNativeTarget "Profile" */;
			buildPhases = (
				6DBEFECE1FE1A06400C0FDBF /* Sources */,
				6DBEFECF1FE1A06400C0FDBF /* Frameworks */,
				6DBEFED01FE1A06400C0FDBF /* Resources */,
			);
			buildRules = (
			);
			dependencies = (
			);
			name = Profile;
			productName = Profile;
			productReference = 6DBEFED21FE1A06400C0FDBF /* Profile.app */;
			productType = "com.apple.product-type.application";
		};
/* End PBXNativeTarget section */

/* Begin PBXProject section */
		6DBEFECA1FE1A06400C0FDBF /* Project object */ = {
			isa = PBXProject;
			attributes = {
				LastSwiftUpdateCheck = 0830;
				LastUpgradeCheck = 0830;
				ORGANIZATIONNAME = 25sprout.com;
				TargetAttributes = {
					6DBEFED11FE1A06400C0FDBF = {
						CreatedOnToolsVersion = 8.3.3;
						DevelopmentTeam = L2KP5DU4HL;
						ProvisioningStyle = Automatic;
					};
				};
			};
			buildConfigurationList = 6DBEFECD1FE1A06400C0FDBF /* Build configuration list for PBXProject "Profile" */;
			compatibilityVersion = "Xcode 3.2";
			developmentRegion = English;
			hasScannedForEncodings = 0;
			knownRegions = (
				en,
				Base,
			);
			mainGroup = 6DBEFEC91FE1A06400C0FDBF;
			productRefGroup = 6DBEFED31FE1A06400C0FDBF /* Products */;
			projectDirPath = "";
			projectRoot = "";
			targets = (
				6DBEFED11FE1A06400C0FDBF /* Profile */,
			);
		};
/* End PBXProject section */

/* Begin PBXResourcesBuildPhase section */
		6DBEFED01FE1A06400C0FDBF /* Resources */ = {
			isa = PBXResourcesBuildPhase;
			buildActionMask = 2147483647;
			files = (
				6DBEFEE01FE1A06400C0FDBF /* LaunchScreen.storyboard in Resources */,
				6DBEFEDD1FE1A06400C0FDBF /* Assets.xcassets in Resources */,
				6DF0A7C31FE795C400B95C23 /* PasswordChangeErrorView.xib in Resources */,
				6DBB10A41FE6E48B003A6BC5 /* PasswordChangeFooterView.xib in Resources */,
				6DBEFEEA1FE1A2CA00C0FDBF /* menu_TVCell.xib in Resources */,
				6DBEFEDB1FE1A06400C0FDBF /* Main.storyboard in Resources */,
				6DDFEC701FE369E2007207A2 /* SettingHeaderView.xib in Resources */,
			);
			runOnlyForDeploymentPostprocessing = 0;
		};
/* End PBXResourcesBuildPhase section */

/* Begin PBXSourcesBuildPhase section */
		6DBEFECE1FE1A06400C0FDBF /* Sources */ = {
			isa = PBXSourcesBuildPhase;
			buildActionMask = 2147483647;
			files = (
				6DBEFED81FE1A06400C0FDBF /* ViewController.swift in Sources */,
				6DBEFEF41FE21E3800C0FDBF /* ProfileName_TVCell.swift in Sources */,
				6DBEFEE91FE1A2CA00C0FDBF /* menu_TVCell.swift in Sources */,
				6DBEFEEC1FE1A40100C0FDBF /* Menu_TVC.swift in Sources */,
				6DBB109C1FE660F6003A6BC5 /* SettingNotificationView.swift in Sources */,
				6DBEFEEE1FE1AA1100C0FDBF /* Profile_TVC.swift in Sources */,
				6DF0A7C51FE796D100B95C23 /* PasswordChangeErrorView.swift in Sources */,
				6DBEFEF21FE1AA3700C0FDBF /* PasswordChange_TVC.swift in Sources */,
				6DBEFEF91FE2288500C0FDBF /* SettingContent_TVCell.swift in Sources */,
				6DBB10A01FE6E31E003A6BC5 /* PasswordChange_TVCell.swift in Sources */,
				6DBEFEF71FE2286D00C0FDBF /* SettingNotification_TVCell.swift in Sources */,
				6DDFEC721FE36A64007207A2 /* SettingHeaderView.swift in Sources */,
				6DBB10991FE644C1003A6BC5 /* ProfileContent_TVCell.swift in Sources */,
				6DBEFEF01FE1AA2300C0FDBF /* Setting_TVC.swift in Sources */,
				6DBEFEFD1FE23FC200C0FDBF /* SettingChangePassword_TVCell.swift in Sources */,
				6DBB109E1FE6D61B003A6BC5 /* ContactUs_VC.swift in Sources */,
				6DBB10A21FE6E45A003A6BC5 /* PasswordChangeFooterView.swift in Sources */,
				6DBEFED61FE1A06400C0FDBF /* AppDelegate.swift in Sources */,
			);
			runOnlyForDeploymentPostprocessing = 0;
		};
/* End PBXSourcesBuildPhase section */

/* Begin PBXVariantGroup section */
		6DBEFED91FE1A06400C0FDBF /* Main.storyboard */ = {
			isa = PBXVariantGroup;
			children = (
				6DBEFEDA1FE1A06400C0FDBF /* Base */,
			);
			name = Main.storyboard;
			sourceTree = "<group>";
		};
		6DBEFEDE1FE1A06400C0FDBF /* LaunchScreen.storyboard */ = {
			isa = PBXVariantGroup;
			children = (
				6DBEFEDF1FE1A06400C0FDBF /* Base */,
			);
			name = LaunchScreen.storyboard;
			sourceTree = "<group>";
		};
/* End PBXVariantGroup section */

/* Begin XCBuildConfiguration section */
		6DBEFEE21FE1A06400C0FDBF /* Debug */ = {
			isa = XCBuildConfiguration;
			buildSettings = {
				ALWAYS_SEARCH_USER_PATHS = NO;
				CLANG_ANALYZER_NONNULL = YES;
				CLANG_ANALYZER_NUMBER_OBJECT_CONVERSION = YES_AGGRESSIVE;
				CLANG_CXX_LANGUAGE_STANDARD = "gnu++0x";
				CLANG_CXX_LIBRARY = "libc++";
				CLANG_ENABLE_MODULES = YES;
				CLANG_ENABLE_OBJC_ARC = YES;
				CLANG_WARN_BOOL_CONVERSION = YES;
				CLANG_WARN_CONSTANT_CONVERSION = YES;
				CLANG_WARN_DIRECT_OBJC_ISA_USAGE = YES_ERROR;
				CLANG_WARN_DOCUMENTATION_COMMENTS = YES;
				CLANG_WARN_EMPTY_BODY = YES;
				CLANG_WARN_ENUM_CONVERSION = YES;
				CLANG_WARN_INFINITE_RECURSION = YES;
				CLANG_WARN_INT_CONVERSION = YES;
				CLANG_WARN_OBJC_ROOT_CLASS = YES_ERROR;
				CLANG_WARN_SUSPICIOUS_MOVE = YES;
				CLANG_WARN_UNREACHABLE_CODE = YES;
				CLANG_WARN__DUPLICATE_METHOD_MATCH = YES;
				"CODE_SIGN_IDENTITY[sdk=iphoneos*]" = "iPhone Developer";
				COPY_PHASE_STRIP = NO;
				DEBUG_INFORMATION_FORMAT = dwarf;
				ENABLE_STRICT_OBJC_MSGSEND = YES;
				ENABLE_TESTABILITY = YES;
				GCC_C_LANGUAGE_STANDARD = gnu99;
				GCC_DYNAMIC_NO_PIC = NO;
				GCC_NO_COMMON_BLOCKS = YES;
				GCC_OPTIMIZATION_LEVEL = 0;
				GCC_PREPROCESSOR_DEFINITIONS = (
					"DEBUG=1",
					"$(inherited)",
				);
				GCC_WARN_64_TO_32_BIT_CONVERSION = YES;
				GCC_WARN_ABOUT_RETURN_TYPE = YES_ERROR;
				GCC_WARN_UNDECLARED_SELECTOR = YES;
				GCC_WARN_UNINITIALIZED_AUTOS = YES_AGGRESSIVE;
				GCC_WARN_UNUSED_FUNCTION = YES;
				GCC_WARN_UNUSED_VARIABLE = YES;
				IPHONEOS_DEPLOYMENT_TARGET = 10.3;
				MTL_ENABLE_DEBUG_INFO = YES;
				ONLY_ACTIVE_ARCH = YES;
				SDKROOT = iphoneos;
				SWIFT_ACTIVE_COMPILATION_CONDITIONS = DEBUG;
				SWIFT_OPTIMIZATION_LEVEL = "-Onone";
				TARGETED_DEVICE_FAMILY = "1,2";
			};
			name = Debug;
		};
		6DBEFEE31FE1A06400C0FDBF /* Release */ = {
			isa = XCBuildConfiguration;
			buildSettings = {
				ALWAYS_SEARCH_USER_PATHS = NO;
				CLANG_ANALYZER_NONNULL = YES;
				CLANG_ANALYZER_NUMBER_OBJECT_CONVERSION = YES_AGGRESSIVE;
				CLANG_CXX_LANGUAGE_STANDARD = "gnu++0x";
				CLANG_CXX_LIBRARY = "libc++";
				CLANG_ENABLE_MODULES = YES;
				CLANG_ENABLE_OBJC_ARC = YES;
				CLANG_WARN_BOOL_CONVERSION = YES;
				CLANG_WARN_CONSTANT_CONVERSION = YES;
				CLANG_WARN_DIRECT_OBJC_ISA_USAGE = YES_ERROR;
				CLANG_WARN_DOCUMENTATION_COMMENTS = YES;
				CLANG_WARN_EMPTY_BODY = YES;
				CLANG_WARN_ENUM_CONVERSION = YES;
				CLANG_WARN_INFINITE_RECURSION = YES;
				CLANG_WARN_INT_CONVERSION = YES;
				CLANG_WARN_OBJC_ROOT_CLASS = YES_ERROR;
				CLANG_WARN_SUSPICIOUS_MOVE = YES;
				CLANG_WARN_UNREACHABLE_CODE = YES;
				CLANG_WARN__DUPLICATE_METHOD_MATCH = YES;
				"CODE_SIGN_IDENTITY[sdk=iphoneos*]" = "iPhone Developer";
				COPY_PHASE_STRIP = NO;
				DEBUG_INFORMATION_FORMAT = "dwarf-with-dsym";
				ENABLE_NS_ASSERTIONS = NO;
				ENABLE_STRICT_OBJC_MSGSEND = YES;
				GCC_C_LANGUAGE_STANDARD = gnu99;
				GCC_NO_COMMON_BLOCKS = YES;
				GCC_WARN_64_TO_32_BIT_CONVERSION = YES;
				GCC_WARN_ABOUT_RETURN_TYPE = YES_ERROR;
				GCC_WARN_UNDECLARED_SELECTOR = YES;
				GCC_WARN_UNINITIALIZED_AUTOS = YES_AGGRESSIVE;
				GCC_WARN_UNUSED_FUNCTION = YES;
				GCC_WARN_UNUSED_VARIABLE = YES;
				IPHONEOS_DEPLOYMENT_TARGET = 10.3;
				MTL_ENABLE_DEBUG_INFO = NO;
				SDKROOT = iphoneos;
				SWIFT_OPTIMIZATION_LEVEL = "-Owholemodule";
				TARGETED_DEVICE_FAMILY = "1,2";
				VALIDATE_PRODUCT = YES;
			};
			name = Release;
		};
		6DBEFEE51FE1A06400C0FDBF /* Debug */ = {
			isa = XCBuildConfiguration;
			buildSettings = {
				ASSETCATALOG_COMPILER_APPICON_NAME = AppIcon;
				DEVELOPMENT_TEAM = L2KP5DU4HL;
				INFOPLIST_FILE = Profile/Info.plist;
				LD_RUNPATH_SEARCH_PATHS = "$(inherited) @executable_path/Frameworks";
				PRODUCT_BUNDLE_IDENTIFIER = com.25sprout.Profile;
				PRODUCT_NAME = "$(TARGET_NAME)";
				SWIFT_VERSION = 3.0;
			};
			name = Debug;
		};
		6DBEFEE61FE1A06400C0FDBF /* Release */ = {
			isa = XCBuildConfiguration;
			buildSettings = {
				ASSETCATALOG_COMPILER_APPICON_NAME = AppIcon;
				DEVELOPMENT_TEAM = L2KP5DU4HL;
				INFOPLIST_FILE = Profile/Info.plist;
				LD_RUNPATH_SEARCH_PATHS = "$(inherited) @executable_path/Frameworks";
				PRODUCT_BUNDLE_IDENTIFIER = com.25sprout.Profile;
				PRODUCT_NAME = "$(TARGET_NAME)";
				SWIFT_VERSION = 3.0;
			};
			name = Release;
		};
/* End XCBuildConfiguration section */

/* Begin XCConfigurationList section */
		6DBEFECD1FE1A06400C0FDBF /* Build configuration list for PBXProject "Profile" */ = {
			isa = XCConfigurationList;
			buildConfigurations = (
				6DBEFEE21FE1A06400C0FDBF /* Debug */,
				6DBEFEE31FE1A06400C0FDBF /* Release */,
			);
			defaultConfigurationIsVisible = 0;
			defaultConfigurationName = Release;
		};
		6DBEFEE41FE1A06400C0FDBF /* Build configuration list for PBXNativeTarget "Profile" */ = {
			isa = XCConfigurationList;
			buildConfigurations = (
				6DBEFEE51FE1A06400C0FDBF /* Debug */,
				6DBEFEE61FE1A06400C0FDBF /* Release */,
			);
			defaultConfigurationIsVisible = 0;
			defaultConfigurationName = Release;
		};
/* End XCConfigurationList section */
	};
	rootObject = 6DBEFECA1FE1A06400C0FDBF /* Project object */;
}
